
Microsoft Visual Studio Solution File, Format Version 12.00
# Visual Studio Version 17
VisualStudioVersion = 17.11.35208.52
MinimumVisualStudioVersion = 10.0.40219.1
Project("{F2A71F9B-5D33-465A-A702-920D77279786}") = "ParadoxPower", "ParadoxPower.Core\ParadoxPower.fsproj", "{DFB04BD1-E94C-4A4B-8F43-89EB78C43375}"
EndProject
Project("{FAE04EC0-301F-11D3-BF4B-00C04F79EFBC}") = "ParadoxPower.Benchmark", "ParadoxPower.Benchmark\ParadoxPower.Benchmark.csproj", "{BFD94833-C7D5-44E6-855B-2CE168E686B1}"
EndProject
Project("{FAE04EC0-301F-11D3-BF4B-00C04F79EFBC}") = "ParadoxPower.UnitTest", "ParadoxPower.UnitTest\ParadoxPower.UnitTest.csproj", "{D270C1F8-4B52-4285-8113-ADC375D3AF1D}"
EndProject
Project("{F2A71F9B-5D33-465A-A702-920D77279786}") = "FSharpTest", "FSharpTest\FSharpTest.fsproj", "{29C4CCD7-E33D-4EA1-ACEF-FF2FCDAEF035}"
EndProject
Project("{FAE04EC0-301F-11D3-BF4B-00C04F79EFBC}") = "ParadoxPower.CSharpExtensions", "ParadoxPower.CSharpExtensions\ParadoxPower.CSharpExtensions.csproj", "{3EF2D5FE-5B9D-4BEC-9C89-DDB710E2F3F4}"
EndProject
Project("{2150E333-8FDC-42A3-9474-1A3956D46DE8}") = "Solution Items", "Solution Items", "{F9C5880E-69FD-41FB-84E7-1328A310BEDC}"
	ProjectSection(SolutionItems) = preProject
		.gitignore = .gitignore
		README.md = README.md
	EndProjectSection
EndProject
Project("{FAE04EC0-301F-11D3-BF4B-00C04F79EFBC}") = "ParadoxPower.Languages", "ParadoxPower.Languages\ParadoxPower.Languages.csproj", "{1DD24681-556F-4068-8490-C437CF1D236A}"
EndProject
Project("{FAE04EC0-301F-11D3-BF4B-00C04F79EFBC}") = "ParadoxPower.ZLinq", "ParadoxPower.ZLinq\ParadoxPower.ZLinq.csproj", "{40918673-EF65-4D8F-B940-27E22776AE44}"
EndProject
Global
	GlobalSection(SolutionConfigurationPlatforms) = preSolution
		Debug|Any CPU = Debug|Any CPU
		Release|Any CPU = Release|Any CPU
	EndGlobalSection
	GlobalSection(ProjectConfigurationPlatforms) = postSolution
		{DFB04BD1-E94C-4A4B-8F43-89EB78C43375}.Debug|Any CPU.ActiveCfg = Debug|Any CPU
		{DFB04BD1-E94C-4A4B-8F43-89EB78C43375}.Debug|Any CPU.Build.0 = Debug|Any CPU
		{DFB04BD1-E94C-4A4B-8F43-89EB78C43375}.Release|Any CPU.ActiveCfg = Release|Any CPU
		{DFB04BD1-E94C-4A4B-8F43-89EB78C43375}.Release|Any CPU.Build.0 = Release|Any CPU
		{BFD94833-C7D5-44E6-855B-2CE168E686B1}.Debug|Any CPU.ActiveCfg = Debug|Any CPU
		{BFD94833-C7D5-44E6-855B-2CE168E686B1}.Debug|Any CPU.Build.0 = Debug|Any CPU
		{BFD94833-C7D5-44E6-855B-2CE168E686B1}.Release|Any CPU.ActiveCfg = Release|Any CPU
		{BFD94833-C7D5-44E6-855B-2CE168E686B1}.Release|Any CPU.Build.0 = Release|Any CPU
		{D270C1F8-4B52-4285-8113-ADC375D3AF1D}.Debug|Any CPU.ActiveCfg = Debug|Any CPU
		{D270C1F8-4B52-4285-8113-ADC375D3AF1D}.Debug|Any CPU.Build.0 = Debug|Any CPU
		{D270C1F8-4B52-4285-8113-ADC375D3AF1D}.Release|Any CPU.ActiveCfg = Release|Any CPU
		{D270C1F8-4B52-4285-8113-ADC375D3AF1D}.Release|Any CPU.Build.0 = Release|Any CPU
		{29C4CCD7-E33D-4EA1-ACEF-FF2FCDAEF035}.Debug|Any CPU.ActiveCfg = Debug|Any CPU
		{29C4CCD7-E33D-4EA1-ACEF-FF2FCDAEF035}.Debug|Any CPU.Build.0 = Debug|Any CPU
		{29C4CCD7-E33D-4EA1-ACEF-FF2FCDAEF035}.Release|Any CPU.ActiveCfg = Release|Any CPU
		{29C4CCD7-E33D-4EA1-ACEF-FF2FCDAEF035}.Release|Any CPU.Build.0 = Release|Any CPU
		{3EF2D5FE-5B9D-4BEC-9C89-DDB710E2F3F4}.Debug|Any CPU.ActiveCfg = Debug|Any CPU
		{3EF2D5FE-5B9D-4BEC-9C89-DDB710E2F3F4}.Debug|Any CPU.Build.0 = Debug|Any CPU
		{3EF2D5FE-5B9D-4BEC-9C89-DDB710E2F3F4}.Release|Any CPU.ActiveCfg = Release|Any CPU
		{3EF2D5FE-5B9D-4BEC-9C89-DDB710E2F3F4}.Release|Any CPU.Build.0 = Release|Any CPU
		{1DD24681-556F-4068-8490-C437CF1D236A}.Debug|Any CPU.ActiveCfg = Debug|Any CPU
		{1DD24681-556F-4068-8490-C437CF1D236A}.Debug|Any CPU.Build.0 = Debug|Any CPU
		{1DD24681-556F-4068-8490-C437CF1D236A}.Release|Any CPU.ActiveCfg = Release|Any CPU
		{1DD24681-556F-4068-8490-C437CF1D236A}.Release|Any CPU.Build.0 = Release|Any CPU
		{40918673-EF65-4D8F-B940-27E22776AE44}.Debug|Any CPU.ActiveCfg = Debug|Any CPU
		{40918673-EF65-4D8F-B940-27E22776AE44}.Debug|Any CPU.Build.0 = Debug|Any CPU
		{40918673-EF65-4D8F-B940-27E22776AE44}.Release|Any CPU.ActiveCfg = Release|Any CPU
		{40918673-EF65-4D8F-B940-27E22776AE44}.Release|Any CPU.Build.0 = Release|Any CPU
	EndGlobalSection
	GlobalSection(SolutionProperties) = preSolution
		HideSolutionNode = FALSE
	EndGlobalSection
	GlobalSection(ExtensibilityGlobals) = postSolution
		SolutionGuid = {8AABF70B-53C7-4DE6-8CBB-323A99594F80}
	EndGlobalSection
EndGlobal
